
Microsoft Visual Studio Solution File, Format Version 12.00
# Visual Studio 15
VisualStudioVersion = 15.0.26430.6
MinimumVisualStudioVersion = 10.0.40219.1
Project("{FAE04EC0-301F-11D3-BF4B-00C04F79EFBC}") = "basic.ntier.architecture.web", "basic.ntier.architecture.web\basic.ntier.architecture.web.csproj", "{E8F3B2CA-7BDA-48B2-B2B5-4C34DAF12E3A}"
EndProject
Project("{FAE04EC0-301F-11D3-BF4B-00C04F79EFBC}") = "basic.ntier.architecture.repository", "basic.ntier.architecture.repository\basic.ntier.architecture.repository.csproj", "{5C2D5738-C3D8-42B4-9E8A-6B5730478FC0}"
EndProject
Project("{FAE04EC0-301F-11D3-BF4B-00C04F79EFBC}") = "basic.ntier.architecture.business", "basic.ntier.architecture.business\basic.ntier.architecture.business.csproj", "{63E8F213-A9FF-425E-A365-9AE62648371A}"
EndProject
Project("{FAE04EC0-301F-11D3-BF4B-00C04F79EFBC}") = "basic.ntier.architecture.api", "basic.ntier.architecture.api\basic.ntier.architecture.api.csproj", "{60A54E70-BC84-429A-ACF6-01A114A291E5}"
EndProject
Project("{FAE04EC0-301F-11D3-BF4B-00C04F79EFBC}") = "basic.ntier.architecture.common", "basic.ntier.architecture.common\basic.ntier.architecture.common.csproj", "{E5D13481-31D7-45B3-879A-6C6B7178AE61}"
EndProject
Project("{2150E333-8FDC-42A3-9474-1A3956D46DE8}") = "Api", "Api", "{2AF877AC-68BB-40A4-8DCA-77A2E5649E4E}"
EndProject
Project("{2150E333-8FDC-42A3-9474-1A3956D46DE8}") = "Common", "Common", "{0E838BE4-9E8A-47F5-85FC-6B683547B6B6}"
EndProject
Project("{2150E333-8FDC-42A3-9474-1A3956D46DE8}") = "Business", "Business", "{EB0E7F3A-0B73-458F-9316-1FC9A622384F}"
EndProject
Project("{2150E333-8FDC-42A3-9474-1A3956D46DE8}") = "Database", "Database", "{245222E9-50A2-4140-990A-DAD906678464}"
	ProjectSection(SolutionItems) = preProject
		CreateDummyDb.sql = CreateDummyDb.sql
	EndProjectSection
EndProject
Project("{2150E333-8FDC-42A3-9474-1A3956D46DE8}") = "Repository", "Repository", "{4C221742-56A5-4E22-A052-7B9D29AB9BF7}"
EndProject
Project("{2150E333-8FDC-42A3-9474-1A3956D46DE8}") = "Web", "Web", "{4B74C15D-CA2A-4C63-8230-4236F9A4F70E}"
EndProject
Project("{FAE04EC0-301F-11D3-BF4B-00C04F79EFBC}") = "basic.ntier.architecture.entity", "basic.ntier.architecture.entity\basic.ntier.architecture.entity.csproj", "{B2F9487D-835D-4710-AED1-AB209E5571B3}"
EndProject
Project("{2150E333-8FDC-42A3-9474-1A3956D46DE8}") = "StoredProcedures", "StoredProcedures", "{8C966C13-D76C-4AE7-9210-1C3799D50D6C}"
	ProjectSection(SolutionItems) = preProject
		stp_getCustomer.sql = stp_getCustomer.sql
	EndProjectSection
EndProject
Project("{2150E333-8FDC-42A3-9474-1A3956D46DE8}") = "Auth", "Auth", "{EECC91BB-6D9F-43F0-9C5D-5C9A0B17584F}"
EndProject
Project("{FAE04EC0-301F-11D3-BF4B-00C04F79EFBC}") = "basic.ntier.architecture.auth", "basic.ntier.architecture.auth\basic.ntier.architecture.auth.csproj", "{E3A49ACA-B5C7-488A-A8BB-A8F8A7BE6D9D}"
EndProject
Project("{2150E333-8FDC-42A3-9474-1A3956D46DE8}") = "AuthServer", "AuthServer", "{4A2D4019-04D6-4678-9067-C19CFC3F0564}"
EndProject
Project("{2150E333-8FDC-42A3-9474-1A3956D46DE8}") = "Database", "Database", "{DB9FE64B-6F64-4FCC-9AD0-541F40C9E97C}"
	ProjectSection(SolutionItems) = preProject
		CreateAuthDb.sql = CreateAuthDb.sql
	EndProjectSection
EndProject
Project("{2150E333-8FDC-42A3-9474-1A3956D46DE8}") = "Console", "Console", "{CF13CB58-50D7-4563-A40E-1BEF0FA63374}"
EndProject
Project("{FAE04EC0-301F-11D3-BF4B-00C04F79EFBC}") = "SecretHash", "SecretHash\SecretHash.csproj", "{DF7904AA-42C0-439F-BFBC-25129A2F7599}"
EndProject
Project("{2150E333-8FDC-42A3-9474-1A3956D46DE8}") = "Web", "Web", "{FD7F8DB9-D80E-4EC1-BA63-31FEF552E515}"
EndProject
Project("{FAE04EC0-301F-11D3-BF4B-00C04F79EFBC}") = "basic.ntier.architecture.auth.web", "basic.ntier.architecture.auth.web\basic.ntier.architecture.auth.web.csproj", "{B822632B-5982-44A6-9F39-5B6026830649}"
EndProject
Global
	GlobalSection(SolutionConfigurationPlatforms) = preSolution
		Debug|Any CPU = Debug|Any CPU
		Release|Any CPU = Release|Any CPU
	EndGlobalSection
	GlobalSection(ProjectConfigurationPlatforms) = postSolution
		{E8F3B2CA-7BDA-48B2-B2B5-4C34DAF12E3A}.Debug|Any CPU.ActiveCfg = Debug|Any CPU
		{E8F3B2CA-7BDA-48B2-B2B5-4C34DAF12E3A}.Debug|Any CPU.Build.0 = Debug|Any CPU
		{E8F3B2CA-7BDA-48B2-B2B5-4C34DAF12E3A}.Release|Any CPU.ActiveCfg = Release|Any CPU
		{E8F3B2CA-7BDA-48B2-B2B5-4C34DAF12E3A}.Release|Any CPU.Build.0 = Release|Any CPU
		{5C2D5738-C3D8-42B4-9E8A-6B5730478FC0}.Debug|Any CPU.ActiveCfg = Debug|Any CPU
		{5C2D5738-C3D8-42B4-9E8A-6B5730478FC0}.Debug|Any CPU.Build.0 = Debug|Any CPU
		{5C2D5738-C3D8-42B4-9E8A-6B5730478FC0}.Release|Any CPU.ActiveCfg = Release|Any CPU
		{5C2D5738-C3D8-42B4-9E8A-6B5730478FC0}.Release|Any CPU.Build.0 = Release|Any CPU
		{63E8F213-A9FF-425E-A365-9AE62648371A}.Debug|Any CPU.ActiveCfg = Debug|Any CPU
		{63E8F213-A9FF-425E-A365-9AE62648371A}.Debug|Any CPU.Build.0 = Debug|Any CPU
		{63E8F213-A9FF-425E-A365-9AE62648371A}.Release|Any CPU.ActiveCfg = Release|Any CPU
		{63E8F213-A9FF-425E-A365-9AE62648371A}.Release|Any CPU.Build.0 = Release|Any CPU
		{60A54E70-BC84-429A-ACF6-01A114A291E5}.Debug|Any CPU.ActiveCfg = Debug|Any CPU
		{60A54E70-BC84-429A-ACF6-01A114A291E5}.Debug|Any CPU.Build.0 = Debug|Any CPU
		{60A54E70-BC84-429A-ACF6-01A114A291E5}.Release|Any CPU.ActiveCfg = Release|Any CPU
		{60A54E70-BC84-429A-ACF6-01A114A291E5}.Release|Any CPU.Build.0 = Release|Any CPU
		{E5D13481-31D7-45B3-879A-6C6B7178AE61}.Debug|Any CPU.ActiveCfg = Debug|Any CPU
		{E5D13481-31D7-45B3-879A-6C6B7178AE61}.Debug|Any CPU.Build.0 = Debug|Any CPU
		{E5D13481-31D7-45B3-879A-6C6B7178AE61}.Release|Any CPU.ActiveCfg = Release|Any CPU
		{E5D13481-31D7-45B3-879A-6C6B7178AE61}.Release|Any CPU.Build.0 = Release|Any CPU
		{B2F9487D-835D-4710-AED1-AB209E5571B3}.Debug|Any CPU.ActiveCfg = Debug|Any CPU
		{B2F9487D-835D-4710-AED1-AB209E5571B3}.Debug|Any CPU.Build.0 = Debug|Any CPU
		{B2F9487D-835D-4710-AED1-AB209E5571B3}.Release|Any CPU.ActiveCfg = Release|Any CPU
		{B2F9487D-835D-4710-AED1-AB209E5571B3}.Release|Any CPU.Build.0 = Release|Any CPU
		{E3A49ACA-B5C7-488A-A8BB-A8F8A7BE6D9D}.Debug|Any CPU.ActiveCfg = Debug|Any CPU
		{E3A49ACA-B5C7-488A-A8BB-A8F8A7BE6D9D}.Debug|Any CPU.Build.0 = Debug|Any CPU
		{E3A49ACA-B5C7-488A-A8BB-A8F8A7BE6D9D}.Release|Any CPU.ActiveCfg = Release|Any CPU
		{E3A49ACA-B5C7-488A-A8BB-A8F8A7BE6D9D}.Release|Any CPU.Build.0 = Release|Any CPU
		{DF7904AA-42C0-439F-BFBC-25129A2F7599}.Debug|Any CPU.ActiveCfg = Debug|Any CPU
		{DF7904AA-42C0-439F-BFBC-25129A2F7599}.Debug|Any CPU.Build.0 = Debug|Any CPU
		{DF7904AA-42C0-439F-BFBC-25129A2F7599}.Release|Any CPU.ActiveCfg = Release|Any CPU
		{DF7904AA-42C0-439F-BFBC-25129A2F7599}.Release|Any CPU.Build.0 = Release|Any CPU
		{B822632B-5982-44A6-9F39-5B6026830649}.Debug|Any CPU.ActiveCfg = Debug|Any CPU
		{B822632B-5982-44A6-9F39-5B6026830649}.Debug|Any CPU.Build.0 = Debug|Any CPU
		{B822632B-5982-44A6-9F39-5B6026830649}.Release|Any CPU.ActiveCfg = Release|Any CPU
		{B822632B-5982-44A6-9F39-5B6026830649}.Release|Any CPU.Build.0 = Release|Any CPU
	EndGlobalSection
	GlobalSection(SolutionProperties) = preSolution
		HideSolutionNode = FALSE
	EndGlobalSection
	GlobalSection(NestedProjects) = preSolution
		{E8F3B2CA-7BDA-48B2-B2B5-4C34DAF12E3A} = {4B74C15D-CA2A-4C63-8230-4236F9A4F70E}
		{5C2D5738-C3D8-42B4-9E8A-6B5730478FC0} = {4C221742-56A5-4E22-A052-7B9D29AB9BF7}
		{63E8F213-A9FF-425E-A365-9AE62648371A} = {EB0E7F3A-0B73-458F-9316-1FC9A622384F}
		{60A54E70-BC84-429A-ACF6-01A114A291E5} = {2AF877AC-68BB-40A4-8DCA-77A2E5649E4E}
		{E5D13481-31D7-45B3-879A-6C6B7178AE61} = {0E838BE4-9E8A-47F5-85FC-6B683547B6B6}
		{B2F9487D-835D-4710-AED1-AB209E5571B3} = {0E838BE4-9E8A-47F5-85FC-6B683547B6B6}
		{8C966C13-D76C-4AE7-9210-1C3799D50D6C} = {245222E9-50A2-4140-990A-DAD906678464}
		{E3A49ACA-B5C7-488A-A8BB-A8F8A7BE6D9D} = {4A2D4019-04D6-4678-9067-C19CFC3F0564}
		{4A2D4019-04D6-4678-9067-C19CFC3F0564} = {EECC91BB-6D9F-43F0-9C5D-5C9A0B17584F}
		{DB9FE64B-6F64-4FCC-9AD0-541F40C9E97C} = {EECC91BB-6D9F-43F0-9C5D-5C9A0B17584F}
		{DF7904AA-42C0-439F-BFBC-25129A2F7599} = {CF13CB58-50D7-4563-A40E-1BEF0FA63374}
		{FD7F8DB9-D80E-4EC1-BA63-31FEF552E515} = {EECC91BB-6D9F-43F0-9C5D-5C9A0B17584F}
		{B822632B-5982-44A6-9F39-5B6026830649} = {FD7F8DB9-D80E-4EC1-BA63-31FEF552E515}
	EndGlobalSection
EndGlobal
